{
  "name": "dublintransit",
  "version": "1.0.0",
  "lockfileVersion": 1,
  "requires": true,
  "dependencies": {
    "accept": {
      "version": "2.1.4",
      "resolved": "https://registry.npmjs.org/accept/-/accept-2.1.4.tgz",
      "integrity": "sha1-iHr1TO7lx/RDBGGXHsQAxh0JrLs=",
      "requires": {
        "boom": "5.x.x",
        "hoek": "4.x.x"
      }
    },
    "ajv": {
      "version": "5.5.2",
      "resolved": "https://registry.npmjs.org/ajv/-/ajv-5.5.2.tgz",
      "integrity": "sha1-c7Xuyj+rZT49P5Qis0GtQiBdyWU=",
      "requires": {
        "co": "^4.6.0",
        "fast-deep-equal": "^1.0.0",
        "fast-json-stable-stringify": "^2.0.0",
        "json-schema-traverse": "^0.3.0"
      }
    },
    "ammo": {
      "version": "2.0.4",
      "resolved": "https://registry.npmjs.org/ammo/-/ammo-2.0.4.tgz",
      "integrity": "sha1-v4CqshFpjqePY+9efxE91dnokX8=",
      "requires": {
        "boom": "5.x.x",
        "hoek": "4.x.x"
      }
    },
    "asn1": {
      "version": "0.2.4",
      "resolved": "https://registry.npmjs.org/asn1/-/asn1-0.2.4.tgz",
      "integrity": "sha512-jxwzQpLQjSmWXgwaCZE9Nz+glAG01yF1QnWgbhGwHI5A6FRIEY6IVqtHhIepHqI7/kyEyQEagBC5mBEFlIYvdg==",
      "requires": {
        "safer-buffer": "~2.1.0"
      }
    },
    "assert-plus": {
      "version": "1.0.0",
      "resolved": "https://registry.npmjs.org/assert-plus/-/assert-plus-1.0.0.tgz",
      "integrity": "sha1-8S4PPF13sLHN2RRpQuTpbB5N1SU="
    },
    "asynckit": {
      "version": "0.4.0",
      "resolved": "https://registry.npmjs.org/asynckit/-/asynckit-0.4.0.tgz",
      "integrity": "sha1-x57Zf380y48robyXkLzDZkdLS3k="
    },
    "aws-sign2": {
      "version": "0.7.0",
      "resolved": "https://registry.npmjs.org/aws-sign2/-/aws-sign2-0.7.0.tgz",
      "integrity": "sha1-tG6JCTSpWR8tL2+G1+ap8bP+dqg="
    },
    "aws4": {
      "version": "1.8.0",
      "resolved": "https://registry.npmjs.org/aws4/-/aws4-1.8.0.tgz",
      "integrity": "sha512-ReZxvNHIOv88FlT7rxcXIIC0fPt4KZqZbOlivyWtXLt8ESx84zd3kMC6iK5jVeS2qt+g7ftS7ye4fi06X5rtRQ=="
    },
    "b64": {
      "version": "3.0.3",
      "resolved": "https://registry.npmjs.org/b64/-/b64-3.0.3.tgz",
      "integrity": "sha512-Pbeh0i6OLubPJdIdCepn8ZQHwN2MWznZHbHABSTEfQ706ie+yuxNSaPdqX1xRatT6WanaS1EazMiSg0NUW2XxQ=="
    },
    "bcrypt-pbkdf": {
      "version": "1.0.2",
      "resolved": "https://registry.npmjs.org/bcrypt-pbkdf/-/bcrypt-pbkdf-1.0.2.tgz",
      "integrity": "sha1-pDAdOJtqQ/m2f/PKEaP2Y342Dp4=",
      "optional": true,
      "requires": {
        "tweetnacl": "^0.14.3"
      }
    },
    "bluebird": {
      "version": "3.5.1",
      "resolved": "https://registry.npmjs.org/bluebird/-/bluebird-3.5.1.tgz",
      "integrity": "sha512-MKiLiV+I1AA596t9w1sQJ8jkiSr5+ZKi0WKrYGUn6d1Fx+Ij4tIj+m2WMQSGczs5jZVxV339chE8iwk6F64wjA=="
    },
    "boom": {
      "version": "5.2.0",
      "resolved": "https://registry.npmjs.org/boom/-/boom-5.2.0.tgz",
      "integrity": "sha512-Z5BTk6ZRe4tXXQlkqftmsAUANpXmuwlsF5Oov8ThoMbQRzdGTA1ngYRW160GexgOgjsFOKJz0LYhoNi+2AMBUw==",
      "requires": {
        "hoek": "4.x.x"
      }
    },
    "buffer-from": {
      "version": "1.1.1",
      "resolved": "https://registry.npmjs.org/buffer-from/-/buffer-from-1.1.1.tgz",
      "integrity": "sha512-MQcXEUbCKtEo7bhqEs6560Hyd4XaovZlO/k9V3hjVUF/zwW7KBVdSK4gIt/bzwS9MbR5qob+F5jusZsb0YQK2A=="
    },
    "call": {
      "version": "4.0.2",
      "resolved": "https://registry.npmjs.org/call/-/call-4.0.2.tgz",
      "integrity": "sha1-33b19R7o3Ui4VqyEAPfmnm1zmcQ=",
      "requires": {
        "boom": "5.x.x",
        "hoek": "4.x.x"
      }
    },
    "caseless": {
      "version": "0.12.0",
      "resolved": "https://registry.npmjs.org/caseless/-/caseless-0.12.0.tgz",
      "integrity": "sha1-G2gcIf+EAzyCZUMJBolCDRhxUdw="
    },
    "catbox": {
      "version": "7.1.5",
      "resolved": "https://registry.npmjs.org/catbox/-/catbox-7.1.5.tgz",
      "integrity": "sha512-4fui5lELzqZ+9cnaAP/BcqXTH6LvWLBRtFhJ0I4FfgfXiSaZcf6k9m9dqOyChiTxNYtvLk7ZMYSf7ahMq3bf5A==",
      "requires": {
        "boom": "5.x.x",
        "hoek": "4.x.x",
        "joi": "10.x.x"
      },
      "dependencies": {
        "joi": {
          "version": "10.6.0",
          "resolved": "https://registry.npmjs.org/joi/-/joi-10.6.0.tgz",
          "integrity": "sha512-hBF3LcqyAid+9X/pwg+eXjD2QBZI5eXnBFJYaAkH4SK3mp9QSRiiQnDYlmlz5pccMvnLcJRS4whhDOTCkmsAdQ==",
          "requires": {
            "hoek": "4.x.x",
            "isemail": "2.x.x",
            "items": "2.x.x",
            "topo": "2.x.x"
          }
        }
      }
    },
    "catbox-memory": {
      "version": "2.0.4",
      "resolved": "https://registry.npmjs.org/catbox-memory/-/catbox-memory-2.0.4.tgz",
      "integrity": "sha1-Qz4lWQLK9UIz0ShkKcj03xToItU=",
      "requires": {
        "hoek": "4.x.x"
      }
    },
    "co": {
      "version": "4.6.0",
      "resolved": "https://registry.npmjs.org/co/-/co-4.6.0.tgz",
      "integrity": "sha1-bqa989hTrlTMuOR7+gvz+QMfsYQ="
    },
    "combined-stream": {
      "version": "1.0.6",
      "resolved": "https://registry.npmjs.org/combined-stream/-/combined-stream-1.0.6.tgz",
      "integrity": "sha1-cj599ugBrFYTETp+RFqbactjKBg=",
      "requires": {
        "delayed-stream": "~1.0.0"
      }
    },
    "concat-stream": {
      "version": "1.6.2",
      "resolved": "https://registry.npmjs.org/concat-stream/-/concat-stream-1.6.2.tgz",
      "integrity": "sha512-27HBghJxjiZtIk3Ycvn/4kbJk/1uZuJFfuPEns6LaEvpvG1f0hTea8lilrouyo9mVc2GWdcEZ8OLoGmSADlrCw==",
      "requires": {
        "buffer-from": "^1.0.0",
        "inherits": "^2.0.3",
        "readable-stream": "^2.2.2",
        "typedarray": "^0.0.6"
      }
    },
    "content": {
      "version": "3.0.7",
      "resolved": "https://registry.npmjs.org/content/-/content-3.0.7.tgz",
      "integrity": "sha512-LXtnSnvE+Z1Cjpa3P9gh9kb396qV4MqpfwKy777BOSF8n6nw2vAi03tHNl0/XRqZUyzVzY/+nMXOZVnEapWzdg==",
      "requires": {
        "boom": "5.x.x"
      }
    },
    "core-util-is": {
      "version": "1.0.2",
      "resolved": "https://registry.npmjs.org/core-util-is/-/core-util-is-1.0.2.tgz",
      "integrity": "sha1-tf1UIgqivFq1eqtxQMlAdUUDwac="
    },
    "cryptiles": {
      "version": "3.1.2",
      "resolved": "https://registry.npmjs.org/cryptiles/-/cryptiles-3.1.2.tgz",
      "integrity": "sha1-qJ+7Ig9c4l7FboxKqKT9e1sNKf4=",
      "requires": {
        "boom": "5.x.x"
      }
    },
    "dashdash": {
      "version": "1.14.1",
      "resolved": "https://registry.npmjs.org/dashdash/-/dashdash-1.14.1.tgz",
      "integrity": "sha1-hTz6D3y+L+1d4gMmuN1YEDX24vA=",
      "requires": {
        "assert-plus": "^1.0.0"
      }
    },
    "debug": {
      "version": "2.6.9",
      "resolved": "https://registry.npmjs.org/debug/-/debug-2.6.9.tgz",
      "integrity": "sha512-bC7ElrdJaJnPbAP+1EotYvqZsb3ecl5wi6Bfi6BJTUcNowp6cvspg0jXznRTKDjm/E7AdgFBVeAPVMNcKGsHMA==",
      "requires": {
        "ms": "2.0.0"
      }
    },
    "delayed-stream": {
      "version": "1.0.0",
      "resolved": "https://registry.npmjs.org/delayed-stream/-/delayed-stream-1.0.0.tgz",
      "integrity": "sha1-3zrhmayt+31ECqrgsp4icrJOxhk="
    },
    "depd": {
      "version": "1.1.2",
      "resolved": "https://registry.npmjs.org/depd/-/depd-1.1.2.tgz",
      "integrity": "sha1-m81S4UwJd2PnSbJ0xDRu0uVgtak="
    },
    "destroy": {
      "version": "1.0.4",
      "resolved": "https://registry.npmjs.org/destroy/-/destroy-1.0.4.tgz",
      "integrity": "sha1-l4hXRCxEdJ5CBmE+N5RiBYJqvYA="
    },
    "ecc-jsbn": {
      "version": "0.1.2",
      "resolved": "https://registry.npmjs.org/ecc-jsbn/-/ecc-jsbn-0.1.2.tgz",
      "integrity": "sha1-OoOpBOVDUyh4dMVkt1SThoSamMk=",
      "optional": true,
      "requires": {
        "jsbn": "~0.1.0",
        "safer-buffer": "^2.1.0"
      }
    },
    "ee-first": {
      "version": "1.1.1",
      "resolved": "https://registry.npmjs.org/ee-first/-/ee-first-1.1.1.tgz",
      "integrity": "sha1-WQxhFWsK4vTwJVcyoViyZrxWsh0="
    },
    "ejs": {
      "version": "2.5.9",
      "resolved": "https://registry.npmjs.org/ejs/-/ejs-2.5.9.tgz",
      "integrity": "sha512-GJCAeDBKfREgkBtgrYSf9hQy9kTb3helv0zGdzqhM7iAkW8FA/ZF97VQDbwFiwIT8MQLLOe5VlPZOEvZAqtUAQ=="
    },
    "encodeurl": {
      "version": "1.0.2",
      "resolved": "https://registry.npmjs.org/encodeurl/-/encodeurl-1.0.2.tgz",
      "integrity": "sha1-rT/0yG7C0CkyL1oCw6mmBslbP1k="
    },
    "escape-html": {
      "version": "1.0.3",
      "resolved": "https://registry.npmjs.org/escape-html/-/escape-html-1.0.3.tgz",
      "integrity": "sha1-Aljq5NPQwJdN4cFpGI7wBR0dGYg="
    },
    "etag": {
      "version": "1.8.1",
      "resolved": "https://registry.npmjs.org/etag/-/etag-1.8.1.tgz",
      "integrity": "sha1-Qa4u62XvpiJorr/qg6x9eSmbCIc="
    },
    "extend": {
      "version": "3.0.2",
      "resolved": "https://registry.npmjs.org/extend/-/extend-3.0.2.tgz",
      "integrity": "sha512-fjquC59cD7CyW6urNXK0FBufkZcoiGG80wTuPujX590cB5Ttln20E2UB4S/WARVqhXffZl2LNgS+gQdPIIim/g=="
    },
    "extsprintf": {
      "version": "1.3.0",
      "resolved": "https://registry.npmjs.org/extsprintf/-/extsprintf-1.3.0.tgz",
      "integrity": "sha1-lpGEQOMEGnpBT4xS48V06zw+HgU="
    },
    "fast-deep-equal": {
      "version": "1.1.0",
      "resolved": "https://registry.npmjs.org/fast-deep-equal/-/fast-deep-equal-1.1.0.tgz",
      "integrity": "sha1-wFNHeBfIa1HaqFPIHgWbcz0CNhQ="
    },
    "fast-json-stable-stringify": {
      "version": "2.0.0",
      "resolved": "https://registry.npmjs.org/fast-json-stable-stringify/-/fast-json-stable-stringify-2.0.0.tgz",
      "integrity": "sha1-1RQsDK7msRifh9OnYREGT4bIu/I="
    },
    "finalhandler": {
      "version": "1.1.1",
      "resolved": "https://registry.npmjs.org/finalhandler/-/finalhandler-1.1.1.tgz",
      "integrity": "sha512-Y1GUDo39ez4aHAw7MysnUD5JzYX+WaIj8I57kO3aEPT1fFRL4sr7mjei97FgnwhAyyzRYmQZaTHb2+9uZ1dPtg==",
      "requires": {
        "debug": "2.6.9",
        "encodeurl": "~1.0.2",
        "escape-html": "~1.0.3",
        "on-finished": "~2.3.0",
        "parseurl": "~1.3.2",
        "statuses": "~1.4.0",
        "unpipe": "~1.0.0"
      }
    },
    "first-chunk-stream": {
      "version": "0.1.0",
      "resolved": "https://registry.npmjs.org/first-chunk-stream/-/first-chunk-stream-0.1.0.tgz",
      "integrity": "sha1-dV0+wU1JqG49L8wIvurVwMornAo="
    },
    "forever-agent": {
      "version": "0.6.1",
      "resolved": "https://registry.npmjs.org/forever-agent/-/forever-agent-0.6.1.tgz",
      "integrity": "sha1-+8cfDEGt6zf5bFd60e1C2P2sypE="
    },
    "form-data": {
      "version": "2.3.2",
      "resolved": "https://registry.npmjs.org/form-data/-/form-data-2.3.2.tgz",
      "integrity": "sha1-SXBJi+YEwgwAXU9cI67NIda0kJk=",
      "requires": {
        "asynckit": "^0.4.0",
        "combined-stream": "1.0.6",
        "mime-types": "^2.1.12"
      }
    },
    "fresh": {
      "version": "0.5.2",
      "resolved": "https://registry.npmjs.org/fresh/-/fresh-0.5.2.tgz",
      "integrity": "sha1-PYyt2Q2XZWn6g1qx+OSyOhBWBac="
    },
    "getpass": {
      "version": "0.1.7",
      "resolved": "https://registry.npmjs.org/getpass/-/getpass-0.1.7.tgz",
      "integrity": "sha1-Xv+OPmhNVprkyysSgmBOi6YhSfo=",
      "requires": {
        "assert-plus": "^1.0.0"
      }
    },
    "hapi": {
      "version": "16.6.3",
      "resolved": "https://registry.npmjs.org/hapi/-/hapi-16.6.3.tgz",
      "integrity": "sha512-Fe1EtSlRWdez9c1sLDrHZYxpsp3IddwtUWp7y65TCBW5CMcBP98X4WnoBJZTGsDZnk/FDkRyEMhUVsC9qysDPg==",
      "requires": {
        "accept": "^2.1.4",
        "ammo": "^2.0.4",
        "boom": "^5.2.0",
        "call": "^4.0.2",
        "catbox": "^7.1.5",
        "catbox-memory": "^2.0.4",
        "cryptiles": "^3.1.2",
        "heavy": "^4.0.4",
        "hoek": "^4.2.0",
        "iron": "^4.0.5",
        "items": "^2.1.1",
        "joi": "^11.1.0",
        "mimos": "^3.0.3",
        "podium": "^1.3.0",
        "shot": "^3.4.2",
        "statehood": "^5.0.3",
        "subtext": "^5.0.0",
        "topo": "^2.0.2"
      }
    },
    "hapi-cors-headers": {
      "version": "1.0.3",
      "resolved": "https://registry.npmjs.org/hapi-cors-headers/-/hapi-cors-headers-1.0.3.tgz",
      "integrity": "sha512-U/y+kpVLUJ0y86fEk8yleou9C1T5wFopcWQjuxKdMXzCcymTjfSqGz59waqvngUs1SbeXav/y8Ga9C0G0L1MGg=="
    },
    "har-schema": {
      "version": "2.0.0",
      "resolved": "https://registry.npmjs.org/har-schema/-/har-schema-2.0.0.tgz",
      "integrity": "sha1-qUwiJOvKwEeCoNkDVSHyRzW37JI="
    },
    "har-validator": {
      "version": "5.1.0",
      "resolved": "https://registry.npmjs.org/har-validator/-/har-validator-5.1.0.tgz",
      "integrity": "sha512-+qnmNjI4OfH2ipQ9VQOw23bBd/ibtfbVdK2fYbY4acTDqKTW/YDp9McimZdDbG8iV9fZizUqQMD5xvriB146TA==",
      "requires": {
        "ajv": "^5.3.0",
        "har-schema": "^2.0.0"
      }
    },
    "heavy": {
      "version": "4.0.4",
      "resolved": "https://registry.npmjs.org/heavy/-/heavy-4.0.4.tgz",
      "integrity": "sha1-NskTNsAMz+hSyqTRUwhjNc0vAOk=",
      "requires": {
        "boom": "5.x.x",
        "hoek": "4.x.x",
        "joi": "10.x.x"
      },
      "dependencies": {
        "joi": {
          "version": "10.6.0",
          "resolved": "https://registry.npmjs.org/joi/-/joi-10.6.0.tgz",
          "integrity": "sha512-hBF3LcqyAid+9X/pwg+eXjD2QBZI5eXnBFJYaAkH4SK3mp9QSRiiQnDYlmlz5pccMvnLcJRS4whhDOTCkmsAdQ==",
          "requires": {
            "hoek": "4.x.x",
            "isemail": "2.x.x",
            "items": "2.x.x",
            "topo": "2.x.x"
          }
        }
      }
    },
    "hoek": {
      "version": "4.2.1",
      "resolved": "https://registry.npmjs.org/hoek/-/hoek-4.2.1.tgz",
      "integrity": "sha512-QLg82fGkfnJ/4iy1xZ81/9SIJiq1NGFUMGs6ParyjBZr6jW2Ufj/snDqTHixNlHdPNwN2RLVD0Pi3igeK9+JfA=="
    },
    "http-errors": {
      "version": "1.6.3",
      "resolved": "https://registry.npmjs.org/http-errors/-/http-errors-1.6.3.tgz",
      "integrity": "sha1-i1VoC7S+KDoLW/TqLjhYC+HZMg0=",
      "requires": {
        "depd": "~1.1.2",
        "inherits": "2.0.3",
        "setprototypeof": "1.1.0",
        "statuses": ">= 1.4.0 < 2"
      }
    },
    "http-signature": {
      "version": "1.2.0",
      "resolved": "https://registry.npmjs.org/http-signature/-/http-signature-1.2.0.tgz",
      "integrity": "sha1-muzZJRFHcvPZW2WmCruPfBj7rOE=",
      "requires": {
        "assert-plus": "^1.0.0",
        "jsprim": "^1.2.2",
        "sshpk": "^1.7.0"
      }
    },
    "inherits": {
      "version": "2.0.3",
      "resolved": "https://registry.npmjs.org/inherits/-/inherits-2.0.3.tgz",
      "integrity": "sha1-Yzwsg+PaQqUC9SRmAiSA9CCCYd4="
    },
    "iron": {
      "version": "4.0.5",
      "resolved": "https://registry.npmjs.org/iron/-/iron-4.0.5.tgz",
      "integrity": "sha1-TwQszri5c480a1mqc0yDqJvDFCg=",
      "requires": {
        "boom": "5.x.x",
        "cryptiles": "3.x.x",
        "hoek": "4.x.x"
      }
    },
    "is-typedarray": {
      "version": "1.0.0",
      "resolved": "https://registry.npmjs.org/is-typedarray/-/is-typedarray-1.0.0.tgz",
      "integrity": "sha1-5HnICFjfDBsR3dppQPlgEfzaSpo="
    },
    "is-utf8": {
      "version": "0.2.1",
      "resolved": "https://registry.npmjs.org/is-utf8/-/is-utf8-0.2.1.tgz",
      "integrity": "sha1-Sw2hRCEE0bM2NA6AeX6GXPOffXI="
    },
    "isarray": {
      "version": "1.0.0",
      "resolved": "https://registry.npmjs.org/isarray/-/isarray-1.0.0.tgz",
      "integrity": "sha1-u5NdSFgsuhaMBoNJV6VKPgcSTxE="
    },
    "isemail": {
      "version": "2.2.1",
      "resolved": "https://registry.npmjs.org/isemail/-/isemail-2.2.1.tgz",
      "integrity": "sha1-A1PT2aYpUQgMJiwqoKQrjqjp4qY="
    },
    "isstream": {
      "version": "0.1.2",
      "resolved": "https://registry.npmjs.org/isstream/-/isstream-0.1.2.tgz",
      "integrity": "sha1-R+Y/evVa+m+S4VAOaQ64uFKcCZo="
    },
    "items": {
      "version": "2.1.1",
      "resolved": "https://registry.npmjs.org/items/-/items-2.1.1.tgz",
      "integrity": "sha1-i9FtnIOxlSneWuoyGsqtp4NkoZg="
    },
    "joi": {
      "version": "11.4.0",
      "resolved": "https://registry.npmjs.org/joi/-/joi-11.4.0.tgz",
      "integrity": "sha512-O7Uw+w/zEWgbL6OcHbyACKSj0PkQeUgmehdoXVSxt92QFCq4+1390Rwh5moI2K/OgC7D8RHRZqHZxT2husMJHA==",
      "requires": {
        "hoek": "4.x.x",
        "isemail": "3.x.x",
        "topo": "2.x.x"
      },
      "dependencies": {
        "isemail": {
          "version": "3.1.3",
          "resolved": "https://registry.npmjs.org/isemail/-/isemail-3.1.3.tgz",
          "integrity": "sha512-5xbsG5wYADIcB+mfLsd+nst1V/D+I7EU7LEZPo2GOIMu4JzfcRs5yQoypP4avA7QtUqgxYLKBYNv4IdzBmbhdw==",
          "requires": {
            "punycode": "2.x.x"
          }
        }
      }
    },
    "jsbn": {
      "version": "0.1.1",
      "resolved": "https://registry.npmjs.org/jsbn/-/jsbn-0.1.1.tgz",
      "integrity": "sha1-peZUwuWi3rXyAdls77yoDA7y9RM=",
      "optional": true
    },
    "json-schema": {
      "version": "0.2.3",
      "resolved": "https://registry.npmjs.org/json-schema/-/json-schema-0.2.3.tgz",
      "integrity": "sha1-tIDIkuWaLwWVTOcnvT8qTogvnhM="
    },
    "json-schema-traverse": {
      "version": "0.3.1",
      "resolved": "https://registry.npmjs.org/json-schema-traverse/-/json-schema-traverse-0.3.1.tgz",
      "integrity": "sha1-NJptRMU6Ud6JtAgFxdXlm0F9M0A="
    },
    "json-stringify-safe": {
      "version": "5.0.1",
      "resolved": "https://registry.npmjs.org/json-stringify-safe/-/json-stringify-safe-5.0.1.tgz",
      "integrity": "sha1-Epai1Y/UXxmg9s4B1lcB4sc1tus="
    },
    "jsprim": {
      "version": "1.4.1",
      "resolved": "https://registry.npmjs.org/jsprim/-/jsprim-1.4.1.tgz",
      "integrity": "sha1-MT5mvB5cwG5Di8G3SZwuXFastqI=",
      "requires": {
        "assert-plus": "1.0.0",
        "extsprintf": "1.3.0",
        "json-schema": "0.2.3",
        "verror": "1.10.0"
      }
    },
    "lodash": {
      "version": "4.17.10",
      "resolved": "https://registry.npmjs.org/lodash/-/lodash-4.17.10.tgz",
      "integrity": "sha512-UejweD1pDoXu+AD825lWwp4ZGtSwgnpZxb3JDViD7StjQz+Nb/6l093lx4OQ0foGWNRoc19mWy7BzL+UAK2iVg=="
    },
    "mime": {
      "version": "1.4.1",
      "resolved": "https://registry.npmjs.org/mime/-/mime-1.4.1.tgz",
      "integrity": "sha512-KI1+qOZu5DcW6wayYHSzR/tXKCDC5Om4s1z2QJjDULzLcmf3DvzS7oluY4HCTrc+9FiKmWUgeNLg7W3uIQvxtQ=="
    },
    "mime-db": {
      "version": "1.35.0",
      "resolved": "https://registry.npmjs.org/mime-db/-/mime-db-1.35.0.tgz",
      "integrity": "sha512-JWT/IcCTsB0Io3AhWUMjRqucrHSPsSf2xKLaRldJVULioggvkJvggZ3VXNNSRkCddE6D+BUI4HEIZIA2OjwIvg=="
    },
    "mime-types": {
      "version": "2.1.19",
      "resolved": "https://registry.npmjs.org/mime-types/-/mime-types-2.1.19.tgz",
      "integrity": "sha512-P1tKYHVSZ6uFo26mtnve4HQFE3koh1UWVkp8YUC+ESBHe945xWSoXuHHiGarDqcEZ+whpCDnlNw5LON0kLo+sw==",
      "requires": {
        "mime-db": "~1.35.0"
      }
    },
    "mimos": {
      "version": "3.0.3",
      "resolved": "https://registry.npmjs.org/mimos/-/mimos-3.0.3.tgz",
      "integrity": "sha1-uRCQcq03jCty9qAQHEPd+ys2ZB8=",
      "requires": {
        "hoek": "4.x.x",
        "mime-db": "1.x.x"
      }
    },
    "ms": {
      "version": "2.0.0",
      "resolved": "https://registry.npmjs.org/ms/-/ms-2.0.0.tgz",
      "integrity": "sha1-VgiurfwAvmwpAd9fmGF4jeDVl8g="
    },
    "nigel": {
      "version": "2.0.2",
      "resolved": "https://registry.npmjs.org/nigel/-/nigel-2.0.2.tgz",
      "integrity": "sha1-k6GGb7DFLYc5CqdeKxYfS1x15bE=",
      "requires": {
        "hoek": "4.x.x",
        "vise": "2.x.x"
      }
    },
    "oauth-sign": {
      "version": "0.9.0",
      "resolved": "https://registry.npmjs.org/oauth-sign/-/oauth-sign-0.9.0.tgz",
      "integrity": "sha512-fexhUFFPTGV8ybAtSIGbV6gOkSv8UtRbDBnAyLQw4QPKkgNlsH2ByPGtMUqdWkos6YCRmAqViwgZrJc/mRDzZQ=="
    },
    "on-finished": {
      "version": "2.3.0",
      "resolved": "https://registry.npmjs.org/on-finished/-/on-finished-2.3.0.tgz",
      "integrity": "sha1-IPEzZIGwg811M3mSoWlxqi2QaUc=",
      "requires": {
        "ee-first": "1.1.1"
      }
    },
    "parseurl": {
      "version": "1.3.2",
      "resolved": "https://registry.npmjs.org/parseurl/-/parseurl-1.3.2.tgz",
      "integrity": "sha1-/CidTtiZMRlGDBViUyYs3I3mW/M="
    },
    "performance-now": {
      "version": "2.1.0",
      "resolved": "https://registry.npmjs.org/performance-now/-/performance-now-2.1.0.tgz",
      "integrity": "sha1-Ywn04OX6kT7BxpMHrjZLSzd8nns="
    },
    "pez": {
      "version": "2.1.5",
      "resolved": "https://registry.npmjs.org/pez/-/pez-2.1.5.tgz",
      "integrity": "sha1-XsLMYlAMw+tCNtSkFM9aF7XrUAc=",
      "requires": {
        "b64": "3.x.x",
        "boom": "5.x.x",
        "content": "3.x.x",
        "hoek": "4.x.x",
        "nigel": "2.x.x"
      }
    },
    "podium": {
      "version": "1.3.0",
      "resolved": "https://registry.npmjs.org/podium/-/podium-1.3.0.tgz",
      "integrity": "sha512-ZIujqk1pv8bRZNVxwwwq0BhXilZ2udycQT3Kp8ah3f3TcTmVg7ILJsv/oLf47gRa2qeiP584lNq+pfvS9U3aow==",
      "requires": {
        "hoek": "4.x.x",
        "items": "2.x.x",
        "joi": "10.x.x"
      },
      "dependencies": {
        "joi": {
          "version": "10.6.0",
          "resolved": "https://registry.npmjs.org/joi/-/joi-10.6.0.tgz",
          "integrity": "sha512-hBF3LcqyAid+9X/pwg+eXjD2QBZI5eXnBFJYaAkH4SK3mp9QSRiiQnDYlmlz5pccMvnLcJRS4whhDOTCkmsAdQ==",
          "requires": {
            "hoek": "4.x.x",
            "isemail": "2.x.x",
            "items": "2.x.x",
            "topo": "2.x.x"
          }
        }
      }
    },
    "process-nextick-args": {
      "version": "2.0.0",
      "resolved": "https://registry.npmjs.org/process-nextick-args/-/process-nextick-args-2.0.0.tgz",
      "integrity": "sha512-MtEC1TqN0EU5nephaJ4rAtThHtC86dNN9qCuEhtshvpVBkAW5ZO7BASN9REnF9eoXGcRub+pFuKEpOHE+HbEMw=="
    },
    "psl": {
      "version": "1.1.29",
      "resolved": "https://registry.npmjs.org/psl/-/psl-1.1.29.tgz",
      "integrity": "sha512-AeUmQ0oLN02flVHXWh9sSJF7mcdFq0ppid/JkErufc3hGIV/AMa8Fo9VgDo/cT2jFdOWoFvHp90qqBH54W+gjQ=="
    },
    "punycode": {
      "version": "2.1.1",
      "resolved": "https://registry.npmjs.org/punycode/-/punycode-2.1.1.tgz",
      "integrity": "sha512-XRsRjdf+j5ml+y/6GKHPZbrF/8p2Yga0JPtdqTIY2Xe5ohJPD9saDJJLPvp9+NSBprVvevdXZybnj2cv8OEd0A=="
    },
    "qs": {
      "version": "6.5.2",
      "resolved": "https://registry.npmjs.org/qs/-/qs-6.5.2.tgz",
      "integrity": "sha512-N5ZAX4/LxJmF+7wN74pUD6qAh9/wnvdQcjq9TZjevvXzSUo7bfmw91saqMjzGS2xq91/odN2dW/WOl7qQHNDGA=="
    },
    "range-parser": {
      "version": "1.2.0",
      "resolved": "https://registry.npmjs.org/range-parser/-/range-parser-1.2.0.tgz",
      "integrity": "sha1-9JvmtIeJTdxA3MlKMi9hEJLgDV4="
    },
    "readable-stream": {
      "version": "2.3.6",
      "resolved": "https://registry.npmjs.org/readable-stream/-/readable-stream-2.3.6.tgz",
      "integrity": "sha512-tQtKA9WIAhBF3+VLAseyMqZeBjW0AHJoxOtYqSUZNJxauErmLbVm2FW1y+J/YA9dUrAC39ITejlZWhVIwawkKw==",
      "requires": {
        "core-util-is": "~1.0.0",
        "inherits": "~2.0.3",
        "isarray": "~1.0.0",
        "process-nextick-args": "~2.0.0",
        "safe-buffer": "~5.1.1",
        "string_decoder": "~1.1.1",
        "util-deprecate": "~1.0.1"
      }
    },
    "request": {
      "version": "2.88.0",
      "resolved": "https://registry.npmjs.org/request/-/request-2.88.0.tgz",
      "integrity": "sha512-NAqBSrijGLZdM0WZNsInLJpkJokL72XYjUpnB0iwsRgxh7dB6COrHnTBNwN0E+lHDAJzu7kLAkDeY08z2/A0hg==",
      "requires": {
        "aws-sign2": "~0.7.0",
        "aws4": "^1.8.0",
        "caseless": "~0.12.0",
        "combined-stream": "~1.0.6",
        "extend": "~3.0.2",
        "forever-agent": "~0.6.1",
        "form-data": "~2.3.2",
        "har-validator": "~5.1.0",
        "http-signature": "~1.2.0",
        "is-typedarray": "~1.0.0",
        "isstream": "~0.1.2",
        "json-stringify-safe": "~5.0.1",
        "mime-types": "~2.1.19",
        "oauth-sign": "~0.9.0",
        "performance-now": "^2.1.0",
        "qs": "~6.5.2",
        "safe-buffer": "^5.1.2",
        "tough-cookie": "~2.4.3",
        "tunnel-agent": "^0.6.0",
        "uuid": "^3.3.2"
      }
    },
    "safe-buffer": {
      "version": "5.1.2",
      "resolved": "https://registry.npmjs.org/safe-buffer/-/safe-buffer-5.1.2.tgz",
      "integrity": "sha512-Gd2UZBJDkXlY7GbJxfsE8/nvKkUEU1G38c1siN6QP6a9PT9MmHB8GnpscSmMJSoF8LOIrt8ud/wPtojys4G6+g=="
    },
    "safer-buffer": {
      "version": "2.1.2",
      "resolved": "https://registry.npmjs.org/safer-buffer/-/safer-buffer-2.1.2.tgz",
      "integrity": "sha512-YZo3K82SD7Riyi0E1EQPojLz7kpepnSQI9IyPbHHg1XXXevb5dJI7tpyN2ADxGcQbHG7vcyRHk0cbwqcQriUtg=="
    },
    "sax": {
      "version": "1.2.4",
      "resolved": "https://registry.npmjs.org/sax/-/sax-1.2.4.tgz",
      "integrity": "sha512-NqVDv9TpANUjFm0N8uM5GxL36UgKi9/atZw+x7YFnQ8ckwFGKrl4xX4yWtrey3UJm5nP1kUbnYgLopqWNSRhWw=="
    },
    "selectn": {
      "version": "0.9.6",
      "resolved": "https://registry.npmjs.org/selectn/-/selectn-0.9.6.tgz",
      "integrity": "sha1-vYc6VW0Y+W2FFfyRUD7G/zmP+aI="
    },
    "send": {
      "version": "0.16.2",
      "resolved": "https://registry.npmjs.org/send/-/send-0.16.2.tgz",
      "integrity": "sha512-E64YFPUssFHEFBvpbbjr44NCLtI1AohxQ8ZSiJjQLskAdKuriYEP6VyGEsRDH8ScozGpkaX1BGvhanqCwkcEZw==",
      "requires": {
        "debug": "2.6.9",
        "depd": "~1.1.2",
        "destroy": "~1.0.4",
        "encodeurl": "~1.0.2",
        "escape-html": "~1.0.3",
        "etag": "~1.8.1",
        "fresh": "0.5.2",
        "http-errors": "~1.6.2",
        "mime": "1.4.1",
        "ms": "2.0.0",
        "on-finished": "~2.3.0",
        "range-parser": "~1.2.0",
        "statuses": "~1.4.0"
      }
    },
    "serve-static": {
      "version": "1.13.2",
      "resolved": "https://registry.npmjs.org/serve-static/-/serve-static-1.13.2.tgz",
      "integrity": "sha512-p/tdJrO4U387R9oMjb1oj7qSMaMfmOyd4j9hOFoxZe2baQszgHcSWjuya/CiT5kgZZKRudHNOA0pYXOl8rQ5nw==",
      "requires": {
        "encodeurl": "~1.0.2",
        "escape-html": "~1.0.3",
        "parseurl": "~1.3.2",
        "send": "0.16.2"
      }
    },
    "setprototypeof": {
      "version": "1.1.0",
      "resolved": "https://registry.npmjs.org/setprototypeof/-/setprototypeof-1.1.0.tgz",
      "integrity": "sha512-BvE/TwpZX4FXExxOxZyRGQQv651MSwmWKZGqvmPcRIjDqWub67kTKuIMx43cZZrS/cBBzwBcNDWoFxt2XEFIpQ=="
    },
    "shot": {
      "version": "3.4.2",
      "resolved": "https://registry.npmjs.org/shot/-/shot-3.4.2.tgz",
      "integrity": "sha1-Hlw/bysmZJrcQvfrNQIUpaApHWc=",
      "requires": {
        "hoek": "4.x.x",
        "joi": "10.x.x"
      },
      "dependencies": {
        "joi": {
          "version": "10.6.0",
          "resolved": "https://registry.npmjs.org/joi/-/joi-10.6.0.tgz",
          "integrity": "sha512-hBF3LcqyAid+9X/pwg+eXjD2QBZI5eXnBFJYaAkH4SK3mp9QSRiiQnDYlmlz5pccMvnLcJRS4whhDOTCkmsAdQ==",
          "requires": {
            "hoek": "4.x.x",
            "isemail": "2.x.x",
            "items": "2.x.x",
            "topo": "2.x.x"
          }
        }
      }
    },
    "soap": {
      "version": "0.24.0",
      "resolved": "https://registry.npmjs.org/soap/-/soap-0.24.0.tgz",
      "integrity": "sha512-1bGC2R+KKzC6pm8bbWZTvgryzwnGh4E4AjKnIgyClOpBpL20NcScbVXk0cg52WbueaQT0LDLDQVB1uo8sT8Mcw==",
      "requires": {
        "bluebird": "^3.5.0",
        "concat-stream": "^1.5.1",
        "debug": "^2.6.9",
        "ejs": "~2.5.5",
        "finalhandler": "^1.0.3",
        "lodash": "^4.17.5",
        "request": ">=2.9.0",
        "sax": ">=0.6",
        "selectn": "^0.9.6",
        "serve-static": "^1.11.1",
        "strip-bom": "~0.3.1",
        "uuid": "^3.1.0",
        "xml-crypto": "~0.8.0"
      }
    },
    "sshpk": {
      "version": "1.14.2",
      "resolved": "https://registry.npmjs.org/sshpk/-/sshpk-1.14.2.tgz",
      "integrity": "sha1-xvxhZIo9nE52T9P8306hBeSSupg=",
      "requires": {
        "asn1": "~0.2.3",
        "assert-plus": "^1.0.0",
        "bcrypt-pbkdf": "^1.0.0",
        "dashdash": "^1.12.0",
        "ecc-jsbn": "~0.1.1",
        "getpass": "^0.1.1",
        "jsbn": "~0.1.0",
        "safer-buffer": "^2.0.2",
        "tweetnacl": "~0.14.0"
      }
    },
    "statehood": {
      "version": "5.0.3",
      "resolved": "https://registry.npmjs.org/statehood/-/statehood-5.0.3.tgz",
      "integrity": "sha512-YrPrCt10t3ImH/JMO5szSwX7sCm8HoqVl3VFLOa9EZ1g/qJx/ZmMhN+2uzPPB/vaU6hpkJpXxcBWsgIkkG+MXA==",
      "requires": {
        "boom": "5.x.x",
        "cryptiles": "3.x.x",
        "hoek": "4.x.x",
        "iron": "4.x.x",
        "items": "2.x.x",
        "joi": "10.x.x"
      },
      "dependencies": {
        "joi": {
          "version": "10.6.0",
          "resolved": "https://registry.npmjs.org/joi/-/joi-10.6.0.tgz",
          "integrity": "sha512-hBF3LcqyAid+9X/pwg+eXjD2QBZI5eXnBFJYaAkH4SK3mp9QSRiiQnDYlmlz5pccMvnLcJRS4whhDOTCkmsAdQ==",
          "requires": {
            "hoek": "4.x.x",
            "isemail": "2.x.x",
            "items": "2.x.x",
            "topo": "2.x.x"
          }
        }
      }
    },
    "statuses": {
      "version": "1.4.0",
      "resolved": "https://registry.npmjs.org/statuses/-/statuses-1.4.0.tgz",
      "integrity": "sha512-zhSCtt8v2NDrRlPQpCNtw/heZLtfUDqxBM1udqikb/Hbk52LK4nQSwr10u77iopCW5LsyHpuXS0GnEc48mLeew=="
    },
    "string_decoder": {
      "version": "1.1.1",
      "resolved": "https://registry.npmjs.org/string_decoder/-/string_decoder-1.1.1.tgz",
      "integrity": "sha512-n/ShnvDi6FHbbVfviro+WojiFzv+s8MPMHBczVePfUpDJLwoLT0ht1l4YwBCbi8pJAveEEdnkHyPyTP/mzRfwg==",
      "requires": {
        "safe-buffer": "~5.1.0"
      }
    },
    "strip-bom": {
      "version": "0.3.1",
      "resolved": "https://registry.npmjs.org/strip-bom/-/strip-bom-0.3.1.tgz",
      "integrity": "sha1-noo57/RW/5q8LwWfXyIluw8/fKU=",
      "requires": {
        "first-chunk-stream": "^0.1.0",
        "is-utf8": "^0.2.0"
      }
    },
    "subtext": {
      "version": "5.0.0",
      "resolved": "https://registry.npmjs.org/subtext/-/subtext-5.0.0.tgz",
      "integrity": "sha512-2nXG1G1V+K64Z20cQII7k0s38J2DSycMXBLMAk9RXUFG0uAkAbLSVoa88croX9VhTdBCJbLAe9g6LmzKwpJhhQ==",
      "requires": {
        "boom": "5.x.x",
        "content": "3.x.x",
        "hoek": "4.x.x",
        "pez": "2.x.x",
        "wreck": "12.x.x"
      }
    },
    "topo": {
      "version": "2.0.2",
      "resolved": "https://registry.npmjs.org/topo/-/topo-2.0.2.tgz",
      "integrity": "sha1-zVYVdSU5BXwNwEkaYhw7xvvh0YI=",
      "requires": {
        "hoek": "4.x.x"
      }
    },
    "tough-cookie": {
      "version": "2.4.3",
      "resolved": "https://registry.npmjs.org/tough-cookie/-/tough-cookie-2.4.3.tgz",
      "integrity": "sha512-Q5srk/4vDM54WJsJio3XNn6K2sCG+CQ8G5Wz6bZhRZoAe/+TxjWB/GlFAnYEbkYVlON9FMk/fE3h2RLpPXo4lQ==",
      "requires": {
        "psl": "^1.1.24",
        "punycode": "^1.4.1"
      },
      "dependencies": {
        "punycode": {
          "version": "1.4.1",
          "resolved": "https://registry.npmjs.org/punycode/-/punycode-1.4.1.tgz",
          "integrity": "sha1-wNWmOycYgArY4esPpSachN1BhF4="
        }
      }
    },
    "tunnel-agent": {
      "version": "0.6.0",
      "resolved": "https://registry.npmjs.org/tunnel-agent/-/tunnel-agent-0.6.0.tgz",
      "integrity": "sha1-J6XeoGs2sEoKmWZ3SykIaPD8QP0=",
      "requires": {
        "safe-buffer": "^5.0.1"
      }
    },
    "tweetnacl": {
      "version": "0.14.5",
      "resolved": "https://registry.npmjs.org/tweetnacl/-/tweetnacl-0.14.5.tgz",
      "integrity": "sha1-WuaBd/GS1EViadEIr6k/+HQ/T2Q=",
      "optional": true
    },
    "typedarray": {
      "version": "0.0.6",
      "resolved": "https://registry.npmjs.org/typedarray/-/typedarray-0.0.6.tgz",
      "integrity": "sha1-hnrHTjhkGHsdPUfZlqeOxciDB3c="
    },
    "unpipe": {
      "version": "1.0.0",
      "resolved": "https://registry.npmjs.org/unpipe/-/unpipe-1.0.0.tgz",
      "integrity": "sha1-sr9O6FFKrmFltIF4KdIbLvSZBOw="
    },
    "util-deprecate": {
      "version": "1.0.2",
      "resolved": "https://registry.npmjs.org/util-deprecate/-/util-deprecate-1.0.2.tgz",
      "integrity": "sha1-RQ1Nyfpw3nMnYvvS1KKJgUGaDM8="
    },
    "uuid": {
      "version": "3.3.2",
      "resolved": "https://registry.npmjs.org/uuid/-/uuid-3.3.2.tgz",
      "integrity": "sha512-yXJmeNaw3DnnKAOKJE51sL/ZaYfWJRl1pK9dr19YFCu0ObS231AB1/LbqTKRAQ5kw8A90rA6fr4riOUpTZvQZA=="
    },
    "verror": {
      "version": "1.10.0",
      "resolved": "https://registry.npmjs.org/verror/-/verror-1.10.0.tgz",
      "integrity": "sha1-OhBcoXBTr1XW4nDB+CiGguGNpAA=",
      "requires": {
        "assert-plus": "^1.0.0",
        "core-util-is": "1.0.2",
        "extsprintf": "^1.2.0"
      }
    },
    "vise": {
      "version": "2.0.2",
      "resolved": "https://registry.npmjs.org/vise/-/vise-2.0.2.tgz",
      "integrity": "sha1-awjo+0y3bjpQzW3Q7DczjoEaDTk=",
      "requires": {
        "hoek": "4.x.x"
      }
    },
    "wreck": {
      "version": "12.5.1",
      "resolved": "https://registry.npmjs.org/wreck/-/wreck-12.5.1.tgz",
      "integrity": "sha512-l5DUGrc+yDyIflpty1x9XuMj1ehVjC/dTbF3/BasOO77xk0EdEa4M/DuOY8W88MQDAD0fEDqyjc8bkIMHd2E9A==",
      "requires": {
        "boom": "5.x.x",
        "hoek": "4.x.x"
      }
    },
    "xml-crypto": {
      "version": "0.8.5",
      "resolved": "https://registry.npmjs.org/xml-crypto/-/xml-crypto-0.8.5.tgz",
      "integrity": "sha1-K7z7PrM/OoKiGLgiv2craxwg5Tg=",
      "requires": {
        "xmldom": "=0.1.19",
        "xpath.js": ">=0.0.3"
      }
    },
    "xml2js": {
      "version": "0.4.19",
      "resolved": "https://registry.npmjs.org/xml2js/-/xml2js-0.4.19.tgz",
      "integrity": "sha512-esZnJZJOiJR9wWKMyuvSE1y6Dq5LCuJanqhxslH2bxM6duahNZ+HMpCLhBQGZkbX6xRf8x1Y2eJlgt2q3qo49Q==",
      "requires": {
        "sax": ">=0.6.0",
        "xmlbuilder": "~9.0.1"
      }
    },
    "xmlbuilder": {
      "version": "9.0.7",
      "resolved": "https://registry.npmjs.org/xmlbuilder/-/xmlbuilder-9.0.7.tgz",
      "integrity": "sha1-Ey7mPS7FVlxVfiD0wi35rKaGsQ0="
    },
    "xmldom": {
      "version": "0.1.19",
      "resolved": "https://registry.npmjs.org/xmldom/-/xmldom-0.1.19.tgz",
      "integrity": "sha1-Yx/Ad3bv2EEYvyUXGzftTQdaCrw="
    },
    "xpath.js": {
      "version": "1.1.0",
      "resolved": "https://registry.npmjs.org/xpath.js/-/xpath.js-1.1.0.tgz",
      "integrity": "sha512-jg+qkfS4K8E7965sqaUl8mRngXiKb3WZGfONgE18pr03FUQiuSV6G+Ej4tS55B+rIQSFEIw3phdVAQ4pPqNWfQ=="
    }
  }
}
